
Microsoft Visual Studio Solution File, Format Version 12.00
# Visual Studio Version 16
VisualStudioVersion = 16.0.31613.86
MinimumVisualStudioVersion = 10.0.40219.1
Project("{FAE04EC0-301F-11D3-BF4B-00C04F79EFBC}") = "ProgramingStudy", "ProgramingStudy.csproj", "{A5B811FD-C193-497B-A62C-8E0A09EF39A3}"
EndProject
Project("{FAE04EC0-301F-11D3-BF4B-00C04F79EFBC}") = "WebMvcStudy", "..\WebMvcStudy\WebMvcStudy.csproj", "{F78384FD-EF6D-4812-A7A2-0219133DFD72}"
EndProject
Project("{FAE04EC0-301F-11D3-BF4B-00C04F79EFBC}") = "ProgramingStudyTests", "..\ProgramingStudyTests\ProgramingStudyTests.csproj", "{6CA04C5F-7119-47A7-8BEC-C6BD22940E0C}"
EndProject
Project("{FAE04EC0-301F-11D3-BF4B-00C04F79EFBC}") = "ColorPreview", "..\ColorPreview\ColorPreview.csproj", "{13D78EB5-BCFF-4E16-854C-F9618F5B881D}"
EndProject
Project("{FAE04EC0-301F-11D3-BF4B-00C04F79EFBC}") = "ProgramingStudyNET5", "..\ProgramingStudyNET5\ProgramingStudyNET5.csproj", "{EB1A735F-79BE-471D-AC3C-AB6CA1BD0CC7}"
EndProject
Global
	GlobalSection(SolutionConfigurationPlatforms) = preSolution
		Debug|Any CPU = Debug|Any CPU
		Release|Any CPU = Release|Any CPU
	EndGlobalSection
	GlobalSection(ProjectConfigurationPlatforms) = postSolution
		{A5B811FD-C193-497B-A62C-8E0A09EF39A3}.Debug|Any CPU.ActiveCfg = Debug|Any CPU
		{A5B811FD-C193-497B-A62C-8E0A09EF39A3}.Debug|Any CPU.Build.0 = Debug|Any CPU
		{A5B811FD-C193-497B-A62C-8E0A09EF39A3}.Release|Any CPU.ActiveCfg = Release|Any CPU
		{A5B811FD-C193-497B-A62C-8E0A09EF39A3}.Release|Any CPU.Build.0 = Release|Any CPU
		{F78384FD-EF6D-4812-A7A2-0219133DFD72}.Debug|Any CPU.ActiveCfg = Debug|Any CPU
		{F78384FD-EF6D-4812-A7A2-0219133DFD72}.Debug|Any CPU.Build.0 = Debug|Any CPU
		{F78384FD-EF6D-4812-A7A2-0219133DFD72}.Release|Any CPU.ActiveCfg = Release|Any CPU
		{F78384FD-EF6D-4812-A7A2-0219133DFD72}.Release|Any CPU.Build.0 = Release|Any CPU
		{6CA04C5F-7119-47A7-8BEC-C6BD22940E0C}.Debug|Any CPU.ActiveCfg = Debug|Any CPU
		{6CA04C5F-7119-47A7-8BEC-C6BD22940E0C}.Debug|Any CPU.Build.0 = Debug|Any CPU
		{6CA04C5F-7119-47A7-8BEC-C6BD22940E0C}.Release|Any CPU.ActiveCfg = Release|Any CPU
		{6CA04C5F-7119-47A7-8BEC-C6BD22940E0C}.Release|Any CPU.Build.0 = Release|Any CPU
		{13D78EB5-BCFF-4E16-854C-F9618F5B881D}.Debug|Any CPU.ActiveCfg = Debug|Any CPU
		{13D78EB5-BCFF-4E16-854C-F9618F5B881D}.Debug|Any CPU.Build.0 = Debug|Any CPU
		{13D78EB5-BCFF-4E16-854C-F9618F5B881D}.Release|Any CPU.ActiveCfg = Release|Any CPU
		{13D78EB5-BCFF-4E16-854C-F9618F5B881D}.Release|Any CPU.Build.0 = Release|Any CPU
		{EB1A735F-79BE-471D-AC3C-AB6CA1BD0CC7}.Debug|Any CPU.ActiveCfg = Debug|Any CPU
		{EB1A735F-79BE-471D-AC3C-AB6CA1BD0CC7}.Debug|Any CPU.Build.0 = Debug|Any CPU
		{EB1A735F-79BE-471D-AC3C-AB6CA1BD0CC7}.Release|Any CPU.ActiveCfg = Release|Any CPU
		{EB1A735F-79BE-471D-AC3C-AB6CA1BD0CC7}.Release|Any CPU.Build.0 = Release|Any CPU
	EndGlobalSection
	GlobalSection(SolutionProperties) = preSolution
		HideSolutionNode = FALSE
	EndGlobalSection
	GlobalSection(ExtensibilityGlobals) = postSolution
		SolutionGuid = {B8A0C418-2C80-42F6-B546-ACAF00B20931}
	EndGlobalSection
EndGlobal
